
Microsoft Visual Studio Solution File, Format Version 12.00
# Visual Studio Version 16
VisualStudioVersion = 16.0.33214.272
MinimumVisualStudioVersion = 10.0.40219.1
Project("{FAE04EC0-301F-11D3-BF4B-00C04F79EFBC}") = "INTEX2", "INTEX2\INTEX2.csproj", "{F4AB795C-24DB-4A05-B379-D72089D1DEEB}"
EndProject
Global
	GlobalSection(SolutionConfigurationPlatforms) = preSolution
		Debug|Any CPU = Debug|Any CPU
		Release|Any CPU = Release|Any CPU
	EndGlobalSection
	GlobalSection(ProjectConfigurationPlatforms) = postSolution
		{F4AB795C-24DB-4A05-B379-D72089D1DEEB}.Debug|Any CPU.ActiveCfg = Debug|Any CPU
		{F4AB795C-24DB-4A05-B379-D72089D1DEEB}.Debug|Any CPU.Build.0 = Debug|Any CPU
		{F4AB795C-24DB-4A05-B379-D72089D1DEEB}.Release|Any CPU.ActiveCfg = Release|Any CPU
		{F4AB795C-24DB-4A05-B379-D72089D1DEEB}.Release|Any CPU.Build.0 = Release|Any CPU
	EndGlobalSection
	GlobalSection(SolutionProperties) = preSolution
		HideSolutionNode = FALSE
	EndGlobalSection
	GlobalSection(ExtensibilityGlobals) = postSolution
		SolutionGuid = {CAFAE2B2-3586-417E-B7E4-229A43BED0F9}
	EndGlobalSection
EndGlobal
